{
  "pins" : [
    {
      "identity" : "bjotpviewcontroller",
      "kind" : "remoteSourceControl",
      "location" : "https://github.com/BadhanGanesh/BJOTPViewController",
      "state" : {
        "revision" : "62bdf22db225dfe86c1849ccdd1a7a98c976fffd",
        "version" : "2.6.0"
      }
    }
  ],
  "version" : 2
}
